
Microsoft Visual Studio Solution File, Format Version 12.00
# Visual Studio 15
Project("{FAE04EC0-301F-11D3-BF4B-00C04F79EFBC}") = "RoarcoderUserInfoApi", "RoarcoderUserInfoApi.csproj", "{05F89475-9630-416C-B580-44FFC025ABFE}"
EndProject
Global
	GlobalSection(SolutionConfigurationPlatforms) = preSolution
		Debug|Any CPU = Debug|Any CPU
		Release|Any CPU = Release|Any CPU
	EndGlobalSection
	GlobalSection(ProjectConfigurationPlatforms) = postSolution
		{05F89475-9630-416C-B580-44FFC025ABFE}.Debug|Any CPU.ActiveCfg = Debug|Any CPU
		{05F89475-9630-416C-B580-44FFC025ABFE}.Debug|Any CPU.Build.0 = Debug|Any CPU
		{05F89475-9630-416C-B580-44FFC025ABFE}.Release|Any CPU.ActiveCfg = Release|Any CPU
		{05F89475-9630-416C-B580-44FFC025ABFE}.Release|Any CPU.Build.0 = Release|Any CPU
	EndGlobalSection
EndGlobal
